Microsoft Visual Studio Solution File, Format Version 11.00
# Visual Studio 2008

Project("{1540CEF4-6850-EAAF-F772-D6DCFB808F71}") = "FinalEnemyScripts", "Assembly-CSharp.csproj", "{EF506162-F475-63FA-5D5F-2FEDE4844228}"
EndProject
Global
	GlobalSection(SolutionConfigurationPlatforms) = preSolution
		Debug|Any CPU = Debug|Any CPU
		Release|Any CPU = Release|Any CPU
	EndGlobalSection
	GlobalSection(ProjectConfigurationPlatforms) = postSolution
		{EF506162-F475-63FA-5D5F-2FEDE4844228}.Debug|Any CPU.ActiveCfg = Debug|Any CPU
		{EF506162-F475-63FA-5D5F-2FEDE4844228}.Debug|Any CPU.Build.0 = Debug|Any CPU
		{EF506162-F475-63FA-5D5F-2FEDE4844228}.Release|Any CPU.ActiveCfg = Release|Any CPU
		{EF506162-F475-63FA-5D5F-2FEDE4844228}.Release|Any CPU.Build.0 = Release|Any CPU
	EndGlobalSection
	GlobalSection(SolutionProperties) = preSolution
		HideSolutionNode = FALSE
	EndGlobalSection
	GlobalSection(MonoDevelopProperties) = preSolution
		StartupItem = Assembly-CSharp.csproj
	EndGlobalSection
EndGlobal
